
Microsoft Visual Studio Solution File, Format Version 12.00
Project("{FAE04EC0-301F-11D3-BF4B-00C04F79EFBC}") = "azaribank", "azaribank\azaribank.csproj", "{898238BD-30C4-4FFC-AF00-3997B2706DDA}"
EndProject
Global
	GlobalSection(SolutionConfigurationPlatforms) = preSolution
		Debug|Any CPU = Debug|Any CPU
		Release|Any CPU = Release|Any CPU
	EndGlobalSection
	GlobalSection(ProjectConfigurationPlatforms) = postSolution
		{898238BD-30C4-4FFC-AF00-3997B2706DDA}.Debug|Any CPU.ActiveCfg = Debug|Any CPU
		{898238BD-30C4-4FFC-AF00-3997B2706DDA}.Debug|Any CPU.Build.0 = Debug|Any CPU
		{898238BD-30C4-4FFC-AF00-3997B2706DDA}.Release|Any CPU.ActiveCfg = Release|Any CPU
		{898238BD-30C4-4FFC-AF00-3997B2706DDA}.Release|Any CPU.Build.0 = Release|Any CPU
	EndGlobalSection
EndGlobal
